
Microsoft Visual Studio Solution File, Format Version 12.00
Project("{FAE04EC0-301F-11D3-BF4B-00C04F79EFBC}") = "Application", "Application\Application.csproj", "{79D5B875-AAD7-426A-9CBA-DDF6CE3D2EBC}"
EndProject
Project("{FAE04EC0-301F-11D3-BF4B-00C04F79EFBC}") = "Domain", "Domain\Domain.csproj", "{42C02B7A-DEB3-446A-81A0-59C48438BEF3}"
EndProject
Project("{FAE04EC0-301F-11D3-BF4B-00C04F79EFBC}") = "JsonData", "JsonData\JsonData.csproj", "{6A92F38A-CB1E-47A4-ABAB-053AF8563A39}"
EndProject
Project("{FAE04EC0-301F-11D3-BF4B-00C04F79EFBC}") = "BlazorServerUI", "BlazorServerUI\BlazorServerUI.csproj", "{A8B27712-755B-40A4-BAB2-99231EBD7934}"
EndProject
Project("{FAE04EC0-301F-11D3-BF4B-00C04F79EFBC}") = "MarkdownEditorComponent", "MarkdownEditorComponent\MarkdownEditorComponent.csproj", "{3D202D23-6A75-4E56-909D-B6FE1CA14B91}"
EndProject
Global
	GlobalSection(SolutionConfigurationPlatforms) = preSolution
		Debug|Any CPU = Debug|Any CPU
		Release|Any CPU = Release|Any CPU
	EndGlobalSection
	GlobalSection(ProjectConfigurationPlatforms) = postSolution
		{79D5B875-AAD7-426A-9CBA-DDF6CE3D2EBC}.Debug|Any CPU.ActiveCfg = Debug|Any CPU
		{79D5B875-AAD7-426A-9CBA-DDF6CE3D2EBC}.Debug|Any CPU.Build.0 = Debug|Any CPU
		{79D5B875-AAD7-426A-9CBA-DDF6CE3D2EBC}.Release|Any CPU.ActiveCfg = Release|Any CPU
		{79D5B875-AAD7-426A-9CBA-DDF6CE3D2EBC}.Release|Any CPU.Build.0 = Release|Any CPU
		{42C02B7A-DEB3-446A-81A0-59C48438BEF3}.Debug|Any CPU.ActiveCfg = Debug|Any CPU
		{42C02B7A-DEB3-446A-81A0-59C48438BEF3}.Debug|Any CPU.Build.0 = Debug|Any CPU
		{42C02B7A-DEB3-446A-81A0-59C48438BEF3}.Release|Any CPU.ActiveCfg = Release|Any CPU
		{42C02B7A-DEB3-446A-81A0-59C48438BEF3}.Release|Any CPU.Build.0 = Release|Any CPU
		{6A92F38A-CB1E-47A4-ABAB-053AF8563A39}.Debug|Any CPU.ActiveCfg = Debug|Any CPU
		{6A92F38A-CB1E-47A4-ABAB-053AF8563A39}.Debug|Any CPU.Build.0 = Debug|Any CPU
		{6A92F38A-CB1E-47A4-ABAB-053AF8563A39}.Release|Any CPU.ActiveCfg = Release|Any CPU
		{6A92F38A-CB1E-47A4-ABAB-053AF8563A39}.Release|Any CPU.Build.0 = Release|Any CPU
		{A8B27712-755B-40A4-BAB2-99231EBD7934}.Debug|Any CPU.ActiveCfg = Debug|Any CPU
		{A8B27712-755B-40A4-BAB2-99231EBD7934}.Debug|Any CPU.Build.0 = Debug|Any CPU
		{A8B27712-755B-40A4-BAB2-99231EBD7934}.Release|Any CPU.ActiveCfg = Release|Any CPU
		{A8B27712-755B-40A4-BAB2-99231EBD7934}.Release|Any CPU.Build.0 = Release|Any CPU
		{3D202D23-6A75-4E56-909D-B6FE1CA14B91}.Debug|Any CPU.ActiveCfg = Debug|Any CPU
		{3D202D23-6A75-4E56-909D-B6FE1CA14B91}.Debug|Any CPU.Build.0 = Debug|Any CPU
		{3D202D23-6A75-4E56-909D-B6FE1CA14B91}.Release|Any CPU.ActiveCfg = Release|Any CPU
		{3D202D23-6A75-4E56-909D-B6FE1CA14B91}.Release|Any CPU.Build.0 = Release|Any CPU
	EndGlobalSection
EndGlobal
