
Microsoft Visual Studio Solution File, Format Version 12.00
Project("{FAE04EC0-301F-11D3-BF4B-00C04F79EFBC}") = "Application", "Application\Application.csproj", "{79D5B875-AAD7-426A-9CBA-DDF6CE3D2EBC}"
EndProject
Project("{FAE04EC0-301F-11D3-BF4B-00C04F79EFBC}") = "Domain", "Domain\Domain.csproj", "{42C02B7A-DEB3-446A-81A0-59C48438BEF3}"
EndProject
Project("{FAE04EC0-301F-11D3-BF4B-00C04F79EFBC}") = "JsonData", "JsonData\JsonData.csproj", "{6A92F38A-CB1E-47A4-ABAB-053AF8563A39}"
EndProject
Project("{FAE04EC0-301F-11D3-BF4B-00C04F79EFBC}") = "BlazorServerUI", "BlazorServerUI\BlazorServerUI.csproj", "{A8B27712-755B-40A4-BAB2-99231EBD7934}"
EndProject
Project("{FAE04EC0-301F-11D3-BF4B-00C04F79EFBC}") = "MarkdownEditorComponent", "MarkdownEditorComponent\MarkdownEditorComponent.csproj", "{3D202D23-6A75-4E56-909D-B6FE1CA14B91}"
EndProject
Project("{FAE04EC0-301F-11D3-BF4B-00C04F79EFBC}") = "UnitTests_deprecated", "UnitTests_deprecated\UnitTests_deprecated.csproj", "{77B34C5F-1A9F-4ABF-B5CC-CC5E2D39AE62}"
EndProject
Project("{FAE04EC0-301F-11D3-BF4B-00C04F79EFBC}") = "ViewData", "ViewData\ViewData.csproj", "{5EC3474F-BF51-485A-9879-CFF0122C4595}"
EndProject
Project("{2150E333-8FDC-42A3-9474-1A3956D46DE8}") = "Core", "Core", "{969D4557-5856-468A-8D78-4F4BF757243E}"
EndProject
Project("{2150E333-8FDC-42A3-9474-1A3956D46DE8}") = "Presentation", "Presentation", "{89E39046-98CE-47F0-BE96-89B31D22F21F}"
EndProject
Project("{2150E333-8FDC-42A3-9474-1A3956D46DE8}") = "Infrastructure", "Infrastructure", "{15B693E3-A346-4A43-AA8B-FF2AF2A93F84}"
EndProject
Project("{FAE04EC0-301F-11D3-BF4B-00C04F79EFBC}") = "ApplicationEntry", "ApplicationEntry\ApplicationEntry.csproj", "{FC032B7A-4259-4260-A041-4258D69001BE}"
EndProject
Project("{2150E333-8FDC-42A3-9474-1A3956D46DE8}") = "Application", "Application", "{A8C0E397-B232-4124-8DD8-DEE9637C80B6}"
EndProject
Global
	GlobalSection(SolutionConfigurationPlatforms) = preSolution
		Debug|Any CPU = Debug|Any CPU
		Release|Any CPU = Release|Any CPU
	EndGlobalSection
	GlobalSection(ProjectConfigurationPlatforms) = postSolution
		{79D5B875-AAD7-426A-9CBA-DDF6CE3D2EBC}.Debug|Any CPU.ActiveCfg = Debug|Any CPU
		{79D5B875-AAD7-426A-9CBA-DDF6CE3D2EBC}.Debug|Any CPU.Build.0 = Debug|Any CPU
		{79D5B875-AAD7-426A-9CBA-DDF6CE3D2EBC}.Release|Any CPU.ActiveCfg = Release|Any CPU
		{79D5B875-AAD7-426A-9CBA-DDF6CE3D2EBC}.Release|Any CPU.Build.0 = Release|Any CPU
		{42C02B7A-DEB3-446A-81A0-59C48438BEF3}.Debug|Any CPU.ActiveCfg = Debug|Any CPU
		{42C02B7A-DEB3-446A-81A0-59C48438BEF3}.Debug|Any CPU.Build.0 = Debug|Any CPU
		{42C02B7A-DEB3-446A-81A0-59C48438BEF3}.Release|Any CPU.ActiveCfg = Release|Any CPU
		{42C02B7A-DEB3-446A-81A0-59C48438BEF3}.Release|Any CPU.Build.0 = Release|Any CPU
		{6A92F38A-CB1E-47A4-ABAB-053AF8563A39}.Debug|Any CPU.ActiveCfg = Debug|Any CPU
		{6A92F38A-CB1E-47A4-ABAB-053AF8563A39}.Debug|Any CPU.Build.0 = Debug|Any CPU
		{6A92F38A-CB1E-47A4-ABAB-053AF8563A39}.Release|Any CPU.ActiveCfg = Release|Any CPU
		{6A92F38A-CB1E-47A4-ABAB-053AF8563A39}.Release|Any CPU.Build.0 = Release|Any CPU
		{A8B27712-755B-40A4-BAB2-99231EBD7934}.Debug|Any CPU.ActiveCfg = Debug|Any CPU
		{A8B27712-755B-40A4-BAB2-99231EBD7934}.Debug|Any CPU.Build.0 = Debug|Any CPU
		{A8B27712-755B-40A4-BAB2-99231EBD7934}.Release|Any CPU.ActiveCfg = Release|Any CPU
		{A8B27712-755B-40A4-BAB2-99231EBD7934}.Release|Any CPU.Build.0 = Release|Any CPU
		{3D202D23-6A75-4E56-909D-B6FE1CA14B91}.Debug|Any CPU.ActiveCfg = Debug|Any CPU
		{3D202D23-6A75-4E56-909D-B6FE1CA14B91}.Debug|Any CPU.Build.0 = Debug|Any CPU
		{3D202D23-6A75-4E56-909D-B6FE1CA14B91}.Release|Any CPU.ActiveCfg = Release|Any CPU
		{3D202D23-6A75-4E56-909D-B6FE1CA14B91}.Release|Any CPU.Build.0 = Release|Any CPU
		{77B34C5F-1A9F-4ABF-B5CC-CC5E2D39AE62}.Debug|Any CPU.ActiveCfg = Debug|Any CPU
		{77B34C5F-1A9F-4ABF-B5CC-CC5E2D39AE62}.Debug|Any CPU.Build.0 = Debug|Any CPU
		{77B34C5F-1A9F-4ABF-B5CC-CC5E2D39AE62}.Release|Any CPU.ActiveCfg = Release|Any CPU
		{77B34C5F-1A9F-4ABF-B5CC-CC5E2D39AE62}.Release|Any CPU.Build.0 = Release|Any CPU
		{5EC3474F-BF51-485A-9879-CFF0122C4595}.Debug|Any CPU.ActiveCfg = Debug|Any CPU
		{5EC3474F-BF51-485A-9879-CFF0122C4595}.Debug|Any CPU.Build.0 = Debug|Any CPU
		{5EC3474F-BF51-485A-9879-CFF0122C4595}.Release|Any CPU.ActiveCfg = Release|Any CPU
		{5EC3474F-BF51-485A-9879-CFF0122C4595}.Release|Any CPU.Build.0 = Release|Any CPU
		{FC032B7A-4259-4260-A041-4258D69001BE}.Debug|Any CPU.ActiveCfg = Debug|Any CPU
		{FC032B7A-4259-4260-A041-4258D69001BE}.Debug|Any CPU.Build.0 = Debug|Any CPU
		{FC032B7A-4259-4260-A041-4258D69001BE}.Release|Any CPU.ActiveCfg = Release|Any CPU
		{FC032B7A-4259-4260-A041-4258D69001BE}.Release|Any CPU.Build.0 = Release|Any CPU
	EndGlobalSection
	GlobalSection(NestedProjects) = preSolution
		{42C02B7A-DEB3-446A-81A0-59C48438BEF3} = {969D4557-5856-468A-8D78-4F4BF757243E}
		{A8B27712-755B-40A4-BAB2-99231EBD7934} = {89E39046-98CE-47F0-BE96-89B31D22F21F}
		{3D202D23-6A75-4E56-909D-B6FE1CA14B91} = {89E39046-98CE-47F0-BE96-89B31D22F21F}
		{6A92F38A-CB1E-47A4-ABAB-053AF8563A39} = {15B693E3-A346-4A43-AA8B-FF2AF2A93F84}
		{A8C0E397-B232-4124-8DD8-DEE9637C80B6} = {969D4557-5856-468A-8D78-4F4BF757243E}
		{79D5B875-AAD7-426A-9CBA-DDF6CE3D2EBC} = {A8C0E397-B232-4124-8DD8-DEE9637C80B6}
		{5EC3474F-BF51-485A-9879-CFF0122C4595} = {A8C0E397-B232-4124-8DD8-DEE9637C80B6}
		{FC032B7A-4259-4260-A041-4258D69001BE} = {A8C0E397-B232-4124-8DD8-DEE9637C80B6}
	EndGlobalSection
EndGlobal
